PODS:
  - SimpleCache (0.1.0)
  - SimpleLayout (0.1.1)

DEPENDENCIES:
  - SimpleCache (from `../../`)
  - SimpleLayout

EXTERNAL SOURCES:
  SimpleCache:
    :path: ../../

SPEC CHECKSUMS:
  SimpleCache: 54cf07a04f1c10f87d909812eb2f0e5a2f8263fe
  SimpleLayout: a35138e1c02db15029fdac0720bf381b32b9800c

PODFILE CHECKSUM: a45f670f10b00f151f3c00abf6b550e504fc8c0d

COCOAPODS: 1.0.1
