PODS:
  - SimpleCache (0.3.0)
  - SimpleLayout (0.2.1)

DEPENDENCIES:
  - SimpleCache (from `../../`)
  - SimpleLayout (= 0.2.1)

EXTERNAL SOURCES:
  SimpleCache:
    :path: ../../

SPEC CHECKSUMS:
  SimpleCache: 6e99d97d97a72813108669974c740063253a0765
  SimpleLayout: 71971a2175eeac4f82b926662b0cf66ff697103f

PODFILE CHECKSUM: 27d8d82ed95c46cef5ba61193a26b6fd3178a974

COCOAPODS: 1.2.0.beta.1
